
Microsoft Visual Studio Solution File, Format Version 12.00
# Visual Studio Version 16
VisualStudioVersion = 16.0.29519.181
MinimumVisualStudioVersion = 10.0.40219.1
Project("{FAE04EC0-301F-11D3-BF4B-00C04F79EFBC}") = "NoteBook", "NoteBook\NoteBook.csproj", "{A1308D8B-9DA5-44A6-93E3-A16132F53038}"
EndProject
Global
	GlobalSection(SolutionConfigurationPlatforms) = preSolution
		Debug|Any CPU = Debug|Any CPU
		Release|Any CPU = Release|Any CPU
	EndGlobalSection
	GlobalSection(ProjectConfigurationPlatforms) = postSolution
		{A1308D8B-9DA5-44A6-93E3-A16132F53038}.Debug|Any CPU.ActiveCfg = Debug|Any CPU
		{A1308D8B-9DA5-44A6-93E3-A16132F53038}.Debug|Any CPU.Build.0 = Debug|Any CPU
		{A1308D8B-9DA5-44A6-93E3-A16132F53038}.Release|Any CPU.ActiveCfg = Release|Any CPU
		{A1308D8B-9DA5-44A6-93E3-A16132F53038}.Release|Any CPU.Build.0 = Release|Any CPU
	EndGlobalSection
	GlobalSection(SolutionProperties) = preSolution
		HideSolutionNode = FALSE
	EndGlobalSection
	GlobalSection(ExtensibilityGlobals) = postSolution
		SolutionGuid = {8600DF52-5937-4E89-9BB7-430E77A3745A}
	EndGlobalSection
EndGlobal
